
Microsoft Visual Studio Solution File, Format Version 12.00
# Visual Studio Version 16
VisualStudioVersion = 16.0.30413.136
MinimumVisualStudioVersion = 10.0.40219.1
Project("{FAE04EC0-301F-11D3-BF4B-00C04F79EFBC}") = "PureDI", "PureDI\PureDI.csproj", "{061C93AD-8031-4BEE-9A62-22A2D4F9EE27}"
EndProject
Global
	GlobalSection(SolutionConfigurationPlatforms) = preSolution
		Debug|Any CPU = Debug|Any CPU
		Release|Any CPU = Release|Any CPU
	EndGlobalSection
	GlobalSection(ProjectConfigurationPlatforms) = postSolution
		{061C93AD-8031-4BEE-9A62-22A2D4F9EE27}.Debug|Any CPU.ActiveCfg = Debug|Any CPU
		{061C93AD-8031-4BEE-9A62-22A2D4F9EE27}.Debug|Any CPU.Build.0 = Debug|Any CPU
		{061C93AD-8031-4BEE-9A62-22A2D4F9EE27}.Release|Any CPU.ActiveCfg = Release|Any CPU
		{061C93AD-8031-4BEE-9A62-22A2D4F9EE27}.Release|Any CPU.Build.0 = Release|Any CPU
	EndGlobalSection
	GlobalSection(SolutionProperties) = preSolution
		HideSolutionNode = FALSE
	EndGlobalSection
	GlobalSection(ExtensibilityGlobals) = postSolution
		SolutionGuid = {110E0CF6-0B86-4331-98F4-BA8C7D3FD331}
	EndGlobalSection
EndGlobal
