
Microsoft Visual Studio Solution File, Format Version 12.00
# Visual Studio Version 16
VisualStudioVersion = 16.0.30413.136
MinimumVisualStudioVersion = 10.0.40219.1
Project("{FAE04EC0-301F-11D3-BF4B-00C04F79EFBC}") = "efConcurrentAction", "efConcurrentAction\efConcurrentAction.csproj", "{82DD93E9-4BE6-4E6C-AB28-D32F86E85EDF}"
EndProject
Global
	GlobalSection(SolutionConfigurationPlatforms) = preSolution
		Debug|Any CPU = Debug|Any CPU
		Release|Any CPU = Release|Any CPU
	EndGlobalSection
	GlobalSection(ProjectConfigurationPlatforms) = postSolution
		{82DD93E9-4BE6-4E6C-AB28-D32F86E85EDF}.Debug|Any CPU.ActiveCfg = Debug|Any CPU
		{82DD93E9-4BE6-4E6C-AB28-D32F86E85EDF}.Debug|Any CPU.Build.0 = Debug|Any CPU
		{82DD93E9-4BE6-4E6C-AB28-D32F86E85EDF}.Release|Any CPU.ActiveCfg = Release|Any CPU
		{82DD93E9-4BE6-4E6C-AB28-D32F86E85EDF}.Release|Any CPU.Build.0 = Release|Any CPU
	EndGlobalSection
	GlobalSection(SolutionProperties) = preSolution
		HideSolutionNode = FALSE
	EndGlobalSection
	GlobalSection(ExtensibilityGlobals) = postSolution
		SolutionGuid = {F34777E0-3B35-4574-9156-109AA9ECCCA7}
	EndGlobalSection
EndGlobal
