
Microsoft Visual Studio Solution File, Format Version 12.00
# Visual Studio Version 16
VisualStudioVersion = 16.0.30413.136
MinimumVisualStudioVersion = 10.0.40219.1
Project("{FAE04EC0-301F-11D3-BF4B-00C04F79EFBC}") = "bzSyncfusionCRUDMemory", "bzSyncfusionCRUDMemory\bzSyncfusionCRUDMemory.csproj", "{F6067AC3-75F1-494A-BAD8-EF3E2AB6EA70}"
EndProject
Global
	GlobalSection(SolutionConfigurationPlatforms) = preSolution
		Debug|Any CPU = Debug|Any CPU
		Release|Any CPU = Release|Any CPU
	EndGlobalSection
	GlobalSection(ProjectConfigurationPlatforms) = postSolution
		{F6067AC3-75F1-494A-BAD8-EF3E2AB6EA70}.Debug|Any CPU.ActiveCfg = Debug|Any CPU
		{F6067AC3-75F1-494A-BAD8-EF3E2AB6EA70}.Debug|Any CPU.Build.0 = Debug|Any CPU
		{F6067AC3-75F1-494A-BAD8-EF3E2AB6EA70}.Release|Any CPU.ActiveCfg = Release|Any CPU
		{F6067AC3-75F1-494A-BAD8-EF3E2AB6EA70}.Release|Any CPU.Build.0 = Release|Any CPU
	EndGlobalSection
	GlobalSection(SolutionProperties) = preSolution
		HideSolutionNode = FALSE
	EndGlobalSection
	GlobalSection(ExtensibilityGlobals) = postSolution
		SolutionGuid = {86853BE9-DF64-44FE-A699-6F2A88369B2E}
	EndGlobalSection
EndGlobal
