
Microsoft Visual Studio Solution File, Format Version 12.00
# Visual Studio Version 16
VisualStudioVersion = 16.0.30114.105
MinimumVisualStudioVersion = 10.0.40219.1
Project("{FAE04EC0-301F-11D3-BF4B-00C04F79EFBC}") = "DBEntityFrameworkCore", "DBEntityFrameworkCore\DBEntityFrameworkCore.csproj", "{288664B3-E4F5-4EA9-A882-6BFB01A5DC82}"
EndProject
Global
	GlobalSection(SolutionConfigurationPlatforms) = preSolution
		Debug|Any CPU = Debug|Any CPU
		Release|Any CPU = Release|Any CPU
	EndGlobalSection
	GlobalSection(ProjectConfigurationPlatforms) = postSolution
		{288664B3-E4F5-4EA9-A882-6BFB01A5DC82}.Debug|Any CPU.ActiveCfg = Debug|Any CPU
		{288664B3-E4F5-4EA9-A882-6BFB01A5DC82}.Debug|Any CPU.Build.0 = Debug|Any CPU
		{288664B3-E4F5-4EA9-A882-6BFB01A5DC82}.Release|Any CPU.ActiveCfg = Release|Any CPU
		{288664B3-E4F5-4EA9-A882-6BFB01A5DC82}.Release|Any CPU.Build.0 = Release|Any CPU
	EndGlobalSection
	GlobalSection(SolutionProperties) = preSolution
		HideSolutionNode = FALSE
	EndGlobalSection
	GlobalSection(ExtensibilityGlobals) = postSolution
		SolutionGuid = {7F280F81-39EB-49D2-9C40-FE2AFBEF6E60}
	EndGlobalSection
EndGlobal
